// !$*UTF8*$!
{
	archiveVersion = 1;
	classes = {
	};
	objectVersion = 56;
	objects = {

/* Begin PBXBuildFile section */
		BAA1AEC22BE14635001FC019 /* landmarkData.json in Resources */ = {isa = PBXBuildFile; fileRef = BAA1AEC12BE14635001FC019 /* landmarkData.json */; };
		BAA1AEC42BE1465D001FC019 /* Landmark.swift in Sources */ = {isa = PBXBuildFile; fileRef = BAA1AEC32BE1465D001FC019 /* Landmark.swift */; };
		BAA1AEC62BE14919001FC019 /* ModelData.swift in Sources */ = {isa = PBXBuildFile; fileRef = BAA1AEC52BE14919001FC019 /* ModelData.swift */; };
		BAA1AECC2BE14A76001FC019 /* LandmarkRow.swift in Sources */ = {isa = PBXBuildFile; fileRef = BAA1AECB2BE14A76001FC019 /* LandmarkRow.swift */; };
		BAA1AED02BE14DE7001FC019 /* LandmarkList.swift in Sources */ = {isa = PBXBuildFile; fileRef = BAA1AECF2BE14DE7001FC019 /* LandmarkList.swift */; };
		BAA1AED22BE15039001FC019 /* LandmarkDetail.swift in Sources */ = {isa = PBXBuildFile; fileRef = BAA1AED12BE15039001FC019 /* LandmarkDetail.swift */; };
		BAA1AED42BE29101001FC019 /* FavoriteButton.swift in Sources */ = {isa = PBXBuildFile; fileRef = BAA1AED32BE29101001FC019 /* FavoriteButton.swift */; };
		BAA1AED82BE2A6BE001FC019 /* HexagonParameters.swift in Sources */ = {isa = PBXBuildFile; fileRef = BAA1AED72BE2A6BE001FC019 /* HexagonParameters.swift */; };
		BAA1AEDA2BE2A784001FC019 /* BadgeBackground.swift in Sources */ = {isa = PBXBuildFile; fileRef = BAA1AED92BE2A784001FC019 /* BadgeBackground.swift */; };
		BAA1AEDC2BE2A9EA001FC019 /* BadgeSymbol.swift in Sources */ = {isa = PBXBuildFile; fileRef = BAA1AEDB2BE2A9EA001FC019 /* BadgeSymbol.swift */; };
		BAA1AEDE2BE2AA75001FC019 /* RotatedBadgeSymbol.swift in Sources */ = {isa = PBXBuildFile; fileRef = BAA1AEDD2BE2AA75001FC019 /* RotatedBadgeSymbol.swift */; };
		BAA1AEE02BE2AAE0001FC019 /* Badge.swift in Sources */ = {isa = PBXBuildFile; fileRef = BAA1AEDF2BE2AAE0001FC019 /* Badge.swift */; };
		BAA222C82BE00B7E0010A9EB /* LandmarksApp.swift in Sources */ = {isa = PBXBuildFile; fileRef = BAA222C72BE00B7E0010A9EB /* LandmarksApp.swift */; };
		BAA222CA2BE00B7E0010A9EB /* ContentView.swift in Sources */ = {isa = PBXBuildFile; fileRef = BAA222C92BE00B7E0010A9EB /* ContentView.swift */; };
		BAA222CC2BE00B800010A9EB /* Assets.xcassets in Resources */ = {isa = PBXBuildFile; fileRef = BAA222CB2BE00B800010A9EB /* Assets.xcassets */; };
		BAA222CF2BE00B800010A9EB /* Preview Assets.xcassets in Resources */ = {isa = PBXBuildFile; fileRef = BAA222CE2BE00B800010A9EB /* Preview Assets.xcassets */; };
		BAA222D62BE012760010A9EB /* CircleImage.swift in Sources */ = {isa = PBXBuildFile; fileRef = BAA222D52BE012760010A9EB /* CircleImage.swift */; };
		BAA222D82BE013560010A9EB /* MapView.swift in Sources */ = {isa = PBXBuildFile; fileRef = BAA222D72BE013560010A9EB /* MapView.swift */; };
/* End PBXBuildFile section */

/* Begin PBXFileReference section */
		BAA1AEC12BE14635001FC019 /* landmarkData.json */ = {isa = PBXFileReference; fileEncoding = 4; lastKnownFileType = text.json; path = landmarkData.json; sourceTree = "<group>"; };
		BAA1AEC32BE1465D001FC019 /* Landmark.swift */ = {isa = PBXFileReference; lastKnownFileType = sourcecode.swift; path = Landmark.swift; sourceTree = "<group>"; };
		BAA1AEC52BE14919001FC019 /* ModelData.swift */ = {isa = PBXFileReference; lastKnownFileType = sourcecode.swift; path = ModelData.swift; sourceTree = "<group>"; };
		BAA1AECB2BE14A76001FC019 /* LandmarkRow.swift */ = {isa = PBXFileReference; lastKnownFileType = sourcecode.swift; path = LandmarkRow.swift; sourceTree = "<group>"; };
		BAA1AECF2BE14DE7001FC019 /* LandmarkList.swift */ = {isa = PBXFileReference; lastKnownFileType = sourcecode.swift; path = LandmarkList.swift; sourceTree = "<group>"; };
		BAA1AED12BE15039001FC019 /* LandmarkDetail.swift */ = {isa = PBXFileReference; lastKnownFileType = sourcecode.swift; path = LandmarkDetail.swift; sourceTree = "<group>"; };
		BAA1AED32BE29101001FC019 /* FavoriteButton.swift */ = {isa = PBXFileReference; lastKnownFileType = sourcecode.swift; path = FavoriteButton.swift; sourceTree = "<group>"; };
		BAA1AED72BE2A6BE001FC019 /* HexagonParameters.swift */ = {isa = PBXFileReference; lastKnownFileType = sourcecode.swift; path = HexagonParameters.swift; sourceTree = "<group>"; };
		BAA1AED92BE2A784001FC019 /* BadgeBackground.swift */ = {isa = PBXFileReference; lastKnownFileType = sourcecode.swift; path = BadgeBackground.swift; sourceTree = "<group>"; };
		BAA1AEDB2BE2A9EA001FC019 /* BadgeSymbol.swift */ = {isa = PBXFileReference; lastKnownFileType = sourcecode.swift; path = BadgeSymbol.swift; sourceTree = "<group>"; };
		BAA1AEDD2BE2AA75001FC019 /* RotatedBadgeSymbol.swift */ = {isa = PBXFileReference; lastKnownFileType = sourcecode.swift; path = RotatedBadgeSymbol.swift; sourceTree = "<group>"; };
		BAA1AEDF2BE2AAE0001FC019 /* Badge.swift */ = {isa = PBXFileReference; lastKnownFileType = sourcecode.swift; path = Badge.swift; sourceTree = "<group>"; };
		BAA222C42BE00B7E0010A9EB /* Landmarks.app */ = {isa = PBXFileReference; explicitFileType = wrapper.application; includeInIndex = 0; path = Landmarks.app; sourceTree = BUILT_PRODUCTS_DIR; };
		BAA222C72BE00B7E0010A9EB /* LandmarksApp.swift */ = {isa = PBXFileReference; lastKnownFileType = sourcecode.swift; path = LandmarksApp.swift; sourceTree = "<group>"; };
		BAA222C92BE00B7E0010A9EB /* ContentView.swift */ = {isa = PBXFileReference; lastKnownFileType = sourcecode.swift; path = ContentView.swift; sourceTree = "<group>"; };
		BAA222CB2BE00B800010A9EB /* Assets.xcassets */ = {isa = PBXFileReference; lastKnownFileType = folder.assetcatalog; path = Assets.xcassets; sourceTree = "<group>"; };
		BAA222CE2BE00B800010A9EB /* Preview Assets.xcassets */ = {isa = PBXFileReference; lastKnownFileType = folder.assetcatalog; path = "Preview Assets.xcassets"; sourceTree = "<group>"; };
		BAA222D52BE012760010A9EB /* CircleImage.swift */ = {isa = PBXFileReference; lastKnownFileType = sourcecode.swift; path = CircleImage.swift; sourceTree = "<group>"; };
		BAA222D72BE013560010A9EB /* MapView.swift */ = {isa = PBXFileReference; lastKnownFileType = sourcecode.swift; path = MapView.swift; sourceTree = "<group>"; };
/* End PBXFileReference section */

/* Begin PBXFrameworksBuildPhase section */
		BAA222C12BE00B7E0010A9EB /* Frameworks */ = {
			isa = PBXFrameworksBuildPhase;
			buildActionMask = 2147483647;
			files = (
			);
			runOnlyForDeploymentPostprocessing = 0;
		};
/* End PBXFrameworksBuildPhase section */

/* Begin PBXGroup section */
		BAA1AEC72BE14982001FC019 /* View */ = {
			isa = PBXGroup;
			children = (
				BAA222C92BE00B7E0010A9EB /* ContentView.swift */,
				BAA1AED62BE291A8001FC019 /* Helper */,
				BAA1AED52BE2916E001FC019 /* Landmarks */,
				BAA1AEE12BE2AB65001FC019 /* Badges */,
			);
			path = View;
			sourceTree = "<group>";
		};
		BAA1AEC82BE149AF001FC019 /* Model */ = {
			isa = PBXGroup;
			children = (
				BAA1AEC32BE1465D001FC019 /* Landmark.swift */,
				BAA1AEC52BE14919001FC019 /* ModelData.swift */,
			);
			path = Model;
			sourceTree = "<group>";
		};
		BAA1AECA2BE149E1001FC019 /* Resources */ = {
			isa = PBXGroup;
			children = (
				BAA1AEC12BE14635001FC019 /* landmarkData.json */,
			);
			path = Resources;
			sourceTree = "<group>";
		};
		BAA1AED52BE2916E001FC019 /* Landmarks */ = {
			isa = PBXGroup;
			children = (
				BAA1AECB2BE14A76001FC019 /* LandmarkRow.swift */,
				BAA1AECF2BE14DE7001FC019 /* LandmarkList.swift */,
				BAA1AED12BE15039001FC019 /* LandmarkDetail.swift */,
			);
			path = Landmarks;
			sourceTree = "<group>";
		};
		BAA1AED62BE291A8001FC019 /* Helper */ = {
			isa = PBXGroup;
			children = (
				BAA222D52BE012760010A9EB /* CircleImage.swift */,
				BAA222D72BE013560010A9EB /* MapView.swift */,
				BAA1AED32BE29101001FC019 /* FavoriteButton.swift */,
			);
			path = Helper;
			sourceTree = "<group>";
		};
		BAA1AEE12BE2AB65001FC019 /* Badges */ = {
			isa = PBXGroup;
			children = (
				BAA1AED72BE2A6BE001FC019 /* HexagonParameters.swift */,
				BAA1AED92BE2A784001FC019 /* BadgeBackground.swift */,
				BAA1AEDB2BE2A9EA001FC019 /* BadgeSymbol.swift */,
				BAA1AEDD2BE2AA75001FC019 /* RotatedBadgeSymbol.swift */,
				BAA1AEDF2BE2AAE0001FC019 /* Badge.swift */,
			);
			path = Badges;
			sourceTree = "<group>";
		};
		BAA222BB2BE00B7E0010A9EB = {
			isa = PBXGroup;
			children = (
				BAA222C62BE00B7E0010A9EB /* Landmarks */,
				BAA222C52BE00B7E0010A9EB /* Products */,
			);
			sourceTree = "<group>";
		};
		BAA222C52BE00B7E0010A9EB /* Products */ = {
			isa = PBXGroup;
			children = (
				BAA222C42BE00B7E0010A9EB /* Landmarks.app */,
			);
			name = Products;
			sourceTree = "<group>";
		};
		BAA222C62BE00B7E0010A9EB /* Landmarks */ = {
			isa = PBXGroup;
			children = (
				BAA1AECA2BE149E1001FC019 /* Resources */,
				BAA1AEC82BE149AF001FC019 /* Model */,
				BAA222C72BE00B7E0010A9EB /* LandmarksApp.swift */,
				BAA222CB2BE00B800010A9EB /* Assets.xcassets */,
				BAA1AEC72BE14982001FC019 /* View */,
				BAA222CD2BE00B800010A9EB /* Preview Content */,
			);
			path = Landmarks;
			sourceTree = "<group>";
		};
		BAA222CD2BE00B800010A9EB /* Preview Content */ = {
			isa = PBXGroup;
			children = (
				BAA222CE2BE00B800010A9EB /* Preview Assets.xcassets */,
			);
			path = "Preview Content";
			sourceTree = "<group>";
		};
/* End PBXGroup section */

/* Begin PBXNativeTarget section */
		BAA222C32BE00B7E0010A9EB /* Landmarks */ = {
			isa = PBXNativeTarget;
			buildConfigurationList = BAA222D22BE00B800010A9EB /* Build configuration list for PBXNativeTarget "Landmarks" */;
			buildPhases = (
				BAA222C02BE00B7E0010A9EB /* Sources */,
				BAA222C12BE00B7E0010A9EB /* Frameworks */,
				BAA222C22BE00B7E0010A9EB /* Resources */,
			);
			buildRules = (
			);
			dependencies = (
			);
			name = Landmarks;
			productName = Landmarks;
			productReference = BAA222C42BE00B7E0010A9EB /* Landmarks.app */;
			productType = "com.apple.product-type.application";
		};
/* End PBXNativeTarget section */

/* Begin PBXProject section */
		BAA222BC2BE00B7E0010A9EB /* Project object */ = {
			isa = PBXProject;
			attributes = {
				BuildIndependentTargetsInParallel = 1;
				LastSwiftUpdateCheck = 1530;
				LastUpgradeCheck = 1530;
				TargetAttributes = {
					BAA222C32BE00B7E0010A9EB = {
						CreatedOnToolsVersion = 15.3;
					};
				};
			};
			buildConfigurationList = BAA222BF2BE00B7E0010A9EB /* Build configuration list for PBXProject "Landmarks" */;
			compatibilityVersion = "Xcode 14.0";
			developmentRegion = en;
			hasScannedForEncodings = 0;
			knownRegions = (
				en,
				Base,
			);
			mainGroup = BAA222BB2BE00B7E0010A9EB;
			productRefGroup = BAA222C52BE00B7E0010A9EB /* Products */;
			projectDirPath = "";
			projectRoot = "";
			targets = (
				BAA222C32BE00B7E0010A9EB /* Landmarks */,
			);
		};
/* End PBXProject section */

/* Begin PBXResourcesBuildPhase section */
		BAA222C22BE00B7E0010A9EB /* Resources */ = {
			isa = PBXResourcesBuildPhase;
			buildActionMask = 2147483647;
			files = (
				BAA222CF2BE00B800010A9EB /* Preview Assets.xcassets in Resources */,
				BAA222CC2BE00B800010A9EB /* Assets.xcassets in Resources */,
				BAA1AEC22BE14635001FC019 /* landmarkData.json in Resources */,
			);
			runOnlyForDeploymentPostprocessing = 0;
		};
/* End PBXResourcesBuildPhase section */

/* Begin PBXSourcesBuildPhase section */
		BAA222C02BE00B7E0010A9EB /* Sources */ = {
			isa = PBXSourcesBuildPhase;
			buildActionMask = 2147483647;
			files = (
				BAA222CA2BE00B7E0010A9EB /* ContentView.swift in Sources */,
				BAA1AEE02BE2AAE0001FC019 /* Badge.swift in Sources */,
				BAA222D82BE013560010A9EB /* MapView.swift in Sources */,
				BAA222C82BE00B7E0010A9EB /* LandmarksApp.swift in Sources */,
				BAA1AED42BE29101001FC019 /* FavoriteButton.swift in Sources */,
				BAA1AED82BE2A6BE001FC019 /* HexagonParameters.swift in Sources */,
				BAA1AEDE2BE2AA75001FC019 /* RotatedBadgeSymbol.swift in Sources */,
				BAA1AEDC2BE2A9EA001FC019 /* BadgeSymbol.swift in Sources */,
				BAA1AED02BE14DE7001FC019 /* LandmarkList.swift in Sources */,
				BAA1AED22BE15039001FC019 /* LandmarkDetail.swift in Sources */,
				BAA1AEDA2BE2A784001FC019 /* BadgeBackground.swift in Sources */,
				BAA222D62BE012760010A9EB /* CircleImage.swift in Sources */,
				BAA1AEC42BE1465D001FC019 /* Landmark.swift in Sources */,
				BAA1AECC2BE14A76001FC019 /* LandmarkRow.swift in Sources */,
				BAA1AEC62BE14919001FC019 /* ModelData.swift in Sources */,
			);
			runOnlyForDeploymentPostprocessing = 0;
		};
/* End PBXSourcesBuildPhase section */

/* Begin XCBuildConfiguration section */
		BAA222D02BE00B800010A9EB /* Debug */ = {
			isa = XCBuildConfiguration;
			buildSettings = {
				ALWAYS_SEARCH_USER_PATHS = NO;
				ASSETCATALOG_COMPILER_GENERATE_SWIFT_ASSET_SYMBOL_EXTENSIONS = YES;
				CLANG_ANALYZER_NONNULL = YES;
				CLANG_ANALYZER_NUMBER_OBJECT_CONVERSION = YES_AGGRESSIVE;
				CLANG_CXX_LANGUAGE_STANDARD = "gnu++20";
				CLANG_ENABLE_MODULES = YES;
				CLANG_ENABLE_OBJC_ARC = YES;
				CLANG_ENABLE_OBJC_WEAK = YES;
				CLANG_WARN_BLOCK_CAPTURE_AUTORELEASING = YES;
				CLANG_WARN_BOOL_CONVERSION = YES;
				CLANG_WARN_COMMA = YES;
				CLANG_WARN_CONSTANT_CONVERSION = YES;
				CLANG_WARN_DEPRECATED_OBJC_IMPLEMENTATIONS = YES;
				CLANG_WARN_DIRECT_OBJC_ISA_USAGE = YES_ERROR;
				CLANG_WARN_DOCUMENTATION_COMMENTS = YES;
				CLANG_WARN_EMPTY_BODY = YES;
				CLANG_WARN_ENUM_CONVERSION = YES;
				CLANG_WARN_INFINITE_RECURSION = YES;
				CLANG_WARN_INT_CONVERSION = YES;
				CLANG_WARN_NON_LITERAL_NULL_CONVERSION = YES;
				CLANG_WARN_OBJC_IMPLICIT_RETAIN_SELF = YES;
				CLANG_WARN_OBJC_LITERAL_CONVERSION = YES;
				CLANG_WARN_OBJC_ROOT_CLASS = YES_ERROR;
				CLANG_WARN_QUOTED_INCLUDE_IN_FRAMEWORK_HEADER = YES;
				CLANG_WARN_RANGE_LOOP_ANALYSIS = YES;
				CLANG_WARN_STRICT_PROTOTYPES = YES;
				CLANG_WARN_SUSPICIOUS_MOVE = YES;
				CLANG_WARN_UNGUARDED_AVAILABILITY = YES_AGGRESSIVE;
				CLANG_WARN_UNREACHABLE_CODE = YES;
				CLANG_WARN__DUPLICATE_METHOD_MATCH = YES;
				COPY_PHASE_STRIP = NO;
				DEBUG_INFORMATION_FORMAT = dwarf;
				ENABLE_STRICT_OBJC_MSGSEND = YES;
				ENABLE_TESTABILITY = YES;
				ENABLE_USER_SCRIPT_SANDBOXING = YES;
				GCC_C_LANGUAGE_STANDARD = gnu17;
				GCC_DYNAMIC_NO_PIC = NO;
				GCC_NO_COMMON_BLOCKS = YES;
				GCC_OPTIMIZATION_LEVEL = 0;
				GCC_PREPROCESSOR_DEFINITIONS = (
					"DEBUG=1",
					"$(inherited)",
				);
				GCC_WARN_64_TO_32_BIT_CONVERSION = YES;
				GCC_WARN_ABOUT_RETURN_TYPE = YES_ERROR;
				GCC_WARN_UNDECLARED_SELECTOR = YES;
				GCC_WARN_UNINITIALIZED_AUTOS = YES_AGGRESSIVE;
				GCC_WARN_UNUSED_FUNCTION = YES;
				GCC_WARN_UNUSED_VARIABLE = YES;
				IPHONEOS_DEPLOYMENT_TARGET = 17.4;
				LOCALIZATION_PREFERS_STRING_CATALOGS = YES;
				MTL_ENABLE_DEBUG_INFO = INCLUDE_SOURCE;
				MTL_FAST_MATH = YES;
				ONLY_ACTIVE_ARCH = YES;
				SDKROOT = iphoneos;
				SWIFT_ACTIVE_COMPILATION_CONDITIONS = "DEBUG $(inherited)";
				SWIFT_OPTIMIZATION_LEVEL = "-Onone";
			};
			name = Debug;
		};
		BAA222D12BE00B800010A9EB /* Release */ = {
			isa = XCBuildConfiguration;
			buildSettings = {
				ALWAYS_SEARCH_USER_PATHS = NO;
				ASSETCATALOG_COMPILER_GENERATE_SWIFT_ASSET_SYMBOL_EXTENSIONS = YES;
				CLANG_ANALYZER_NONNULL = YES;
				CLANG_ANALYZER_NUMBER_OBJECT_CONVERSION = YES_AGGRESSIVE;
				CLANG_CXX_LANGUAGE_STANDARD = "gnu++20";
				CLANG_ENABLE_MODULES = YES;
				CLANG_ENABLE_OBJC_ARC = YES;
				CLANG_ENABLE_OBJC_WEAK = YES;
				CLANG_WARN_BLOCK_CAPTURE_AUTORELEASING = YES;
				CLANG_WARN_BOOL_CONVERSION = YES;
				CLANG_WARN_COMMA = YES;
				CLANG_WARN_CONSTANT_CONVERSION = YES;
				CLANG_WARN_DEPRECATED_OBJC_IMPLEMENTATIONS = YES;
				CLANG_WARN_DIRECT_OBJC_ISA_USAGE = YES_ERROR;
				CLANG_WARN_DOCUMENTATION_COMMENTS = YES;
				CLANG_WARN_EMPTY_BODY = YES;
				CLANG_WARN_ENUM_CONVERSION = YES;
				CLANG_WARN_INFINITE_RECURSION = YES;
				CLANG_WARN_INT_CONVERSION = YES;
				CLANG_WARN_NON_LITERAL_NULL_CONVERSION = YES;
				CLANG_WARN_OBJC_IMPLICIT_RETAIN_SELF = YES;
				CLANG_WARN_OBJC_LITERAL_CONVERSION = YES;
				CLANG_WARN_OBJC_ROOT_CLASS = YES_ERROR;
				CLANG_WARN_QUOTED_INCLUDE_IN_FRAMEWORK_HEADER = YES;
				CLANG_WARN_RANGE_LOOP_ANALYSIS = YES;
				CLANG_WARN_STRICT_PROTOTYPES = YES;
				CLANG_WARN_SUSPICIOUS_MOVE = YES;
				CLANG_WARN_UNGUARDED_AVAILABILITY = YES_AGGRESSIVE;
				CLANG_WARN_UNREACHABLE_CODE = YES;
				CLANG_WARN__DUPLICATE_METHOD_MATCH = YES;
				COPY_PHASE_STRIP = NO;
				DEBUG_INFORMATION_FORMAT = "dwarf-with-dsym";
				ENABLE_NS_ASSERTIONS = NO;
				ENABLE_STRICT_OBJC_MSGSEND = YES;
				ENABLE_USER_SCRIPT_SANDBOXING = YES;
				GCC_C_LANGUAGE_STANDARD = gnu17;
				GCC_NO_COMMON_BLOCKS = YES;
				GCC_WARN_64_TO_32_BIT_CONVERSION = YES;
				GCC_WARN_ABOUT_RETURN_TYPE = YES_ERROR;
				GCC_WARN_UNDECLARED_SELECTOR = YES;
				GCC_WARN_UNINITIALIZED_AUTOS = YES_AGGRESSIVE;
				GCC_WARN_UNUSED_FUNCTION = YES;
				GCC_WARN_UNUSED_VARIABLE = YES;
				IPHONEOS_DEPLOYMENT_TARGET = 17.4;
				LOCALIZATION_PREFERS_STRING_CATALOGS = YES;
				MTL_ENABLE_DEBUG_INFO = NO;
				MTL_FAST_MATH = YES;
				SDKROOT = iphoneos;
				SWIFT_COMPILATION_MODE = wholemodule;
				VALIDATE_PRODUCT = YES;
			};
			name = Release;
		};
		BAA222D32BE00B800010A9EB /* Debug */ = {
			isa = XCBuildConfiguration;
			buildSettings = {
				ASSETCATALOG_COMPILER_APPICON_NAME = AppIcon;
				ASSETCATALOG_COMPILER_GLOBAL_ACCENT_COLOR_NAME = AccentColor;
				CODE_SIGN_STYLE = Automatic;
				CURRENT_PROJECT_VERSION = 1;
				DEVELOPMENT_ASSET_PATHS = "\"Landmarks/Preview Content\"";
				ENABLE_PREVIEWS = YES;
				GENERATE_INFOPLIST_FILE = YES;
				INFOPLIST_KEY_UIApplicationSceneManifest_Generation = YES;
				INFOPLIST_KEY_UIApplicationSupportsIndirectInputEvents = YES;
				INFOPLIST_KEY_UILaunchScreen_Generation = YES;
				INFOPLIST_KEY_UISupportedInterfaceOrientations_iPad = "UIInterfaceOrientationPortrait UIInterfaceOrientationPortraitUpsideDown UIInterfaceOrientationLandscapeLeft UIInterfaceOrientationLandscapeRight";
				INFOPLIST_KEY_UISupportedInterfaceOrientations_iPhone = "UIInterfaceOrientationPortrait UIInterfaceOrientationLandscapeLeft UIInterfaceOrientationLandscapeRight";
				LD_RUNPATH_SEARCH_PATHS = (
					"$(inherited)",
					"@executable_path/Frameworks",
				);
				MARKETING_VERSION = 1.0;
				PRODUCT_BUNDLE_IDENTIFIER = "com.dinuka.swift-demo.Landmarks";
				PRODUCT_NAME = "$(TARGET_NAME)";
				SWIFT_EMIT_LOC_STRINGS = YES;
				SWIFT_VERSION = 5.0;
				TARGETED_DEVICE_FAMILY = "1,2";
			};
			name = Debug;
		};
		BAA222D42BE00B800010A9EB /* Release */ = {
			isa = XCBuildConfiguration;
			buildSettings = {
				ASSETCATALOG_COMPILER_APPICON_NAME = AppIcon;
				ASSETCATALOG_COMPILER_GLOBAL_ACCENT_COLOR_NAME = AccentColor;
				CODE_SIGN_STYLE = Automatic;
				CURRENT_PROJECT_VERSION = 1;
				DEVELOPMENT_ASSET_PATHS = "\"Landmarks/Preview Content\"";
				ENABLE_PREVIEWS = YES;
				GENERATE_INFOPLIST_FILE = YES;
				INFOPLIST_KEY_UIApplicationSceneManifest_Generation = YES;
				INFOPLIST_KEY_UIApplicationSupportsIndirectInputEvents = YES;
				INFOPLIST_KEY_UILaunchScreen_Generation = YES;
				INFOPLIST_KEY_UISupportedInterfaceOrientations_iPad = "UIInterfaceOrientationPortrait UIInterfaceOrientationPortraitUpsideDown UIInterfaceOrientationLandscapeLeft UIInterfaceOrientationLandscapeRight";
				INFOPLIST_KEY_UISupportedInterfaceOrientations_iPhone = "UIInterfaceOrientationPortrait UIInterfaceOrientationLandscapeLeft UIInterfaceOrientationLandscapeRight";
				LD_RUNPATH_SEARCH_PATHS = (
					"$(inherited)",
					"@executable_path/Frameworks",
				);
				MARKETING_VERSION = 1.0;
				PRODUCT_BUNDLE_IDENTIFIER = "com.dinuka.swift-demo.Landmarks";
				PRODUCT_NAME = "$(TARGET_NAME)";
				SWIFT_EMIT_LOC_STRINGS = YES;
				SWIFT_VERSION = 5.0;
				TARGETED_DEVICE_FAMILY = "1,2";
			};
			name = Release;
		};
/* End XCBuildConfiguration section */

/* Begin XCConfigurationList section */
		BAA222BF2BE00B7E0010A9EB /* Build configuration list for PBXProject "Landmarks" */ = {
			isa = XCConfigurationList;
			buildConfigurations = (
				BAA222D02BE00B800010A9EB /* Debug */,
				BAA222D12BE00B800010A9EB /* Release */,
			);
			defaultConfigurationIsVisible = 0;
			defaultConfigurationName = Release;
		};
		BAA222D22BE00B800010A9EB /* Build configuration list for PBXNativeTarget "Landmarks" */ = {
			isa = XCConfigurationList;
			buildConfigurations = (
				BAA222D32BE00B800010A9EB /* Debug */,
				BAA222D42BE00B800010A9EB /* Release */,
			);
			defaultConfigurationIsVisible = 0;
			defaultConfigurationName = Release;
		};
/* End XCConfigurationList section */
	};
	rootObject = BAA222BC2BE00B7E0010A9EB /* Project object */;
}
